// !$*UTF8*$!
{
	archiveVersion = 1;
	classes = {
	};
	objectVersion = 48;
	objects = {

/* Begin PBXBuildFile section */
		CD9869702020BC1300403E62 /* AppDelegate.swift in Sources */ = {isa = PBXBuildFile; fileRef = CD98696F2020BC1300403E62 /* AppDelegate.swift */; };
		CD9869752020BC1400403E62 /* Main.storyboard in Resources */ = {isa = PBXBuildFile; fileRef = CD9869732020BC1400403E62 /* Main.storyboard */; };
		CD9869772020BC1400403E62 /* Assets.xcassets in Resources */ = {isa = PBXBuildFile; fileRef = CD9869762020BC1400403E62 /* Assets.xcassets */; };
		CD98697A2020BC1400403E62 /* LaunchScreen.storyboard in Resources */ = {isa = PBXBuildFile; fileRef = CD9869782020BC1400403E62 /* LaunchScreen.storyboard */; };
		CD9869832020C36000403E62 /* ExploreCollectionViewController.swift in Sources */ = {isa = PBXBuildFile; fileRef = CD9869822020C36000403E62 /* ExploreCollectionViewController.swift */; };
		CD9869852020C38C00403E62 /* ExplorePhotoCollectionViewCell.swift in Sources */ = {isa = PBXBuildFile; fileRef = CD9869842020C38C00403E62 /* ExplorePhotoCollectionViewCell.swift */; };
		CD9869882021ED6800403E62 /* example.png in Resources */ = {isa = PBXBuildFile; fileRef = CD9869872021ED6700403E62 /* example.png */; };
		CD98698E2021EF7900403E62 /* FeedTableViewController.swift in Sources */ = {isa = PBXBuildFile; fileRef = CD98698D2021EF7900403E62 /* FeedTableViewController.swift */; };
		CD9869932021F57700403E62 /* HeaderTableViewCell.swift in Sources */ = {isa = PBXBuildFile; fileRef = CD9869912021F57700403E62 /* HeaderTableViewCell.swift */; };
		CD9869942021F57700403E62 /* HeaderTableViewCell.xib in Resources */ = {isa = PBXBuildFile; fileRef = CD9869922021F57700403E62 /* HeaderTableViewCell.xib */; };
		CD9869962022001700403E62 /* PhotoTableViewCell.swift in Sources */ = {isa = PBXBuildFile; fileRef = CD9869952022001700403E62 /* PhotoTableViewCell.swift */; };
		CD9869982022004200403E62 /* CommentTableViewCell.swift in Sources */ = {isa = PBXBuildFile; fileRef = CD9869972022004200403E62 /* CommentTableViewCell.swift */; };
/* End PBXBuildFile section */

/* Begin PBXFileReference section */
		CD98696C2020BC1300403E62 /* InstagramFeed.app */ = {isa = PBXFileReference; explicitFileType = wrapper.application; includeInIndex = 0; path = InstagramFeed.app; sourceTree = BUILT_PRODUCTS_DIR; };
		CD98696F2020BC1300403E62 /* AppDelegate.swift */ = {isa = PBXFileReference; lastKnownFileType = sourcecode.swift; path = AppDelegate.swift; sourceTree = "<group>"; };
		CD9869742020BC1400403E62 /* Base */ = {isa = PBXFileReference; lastKnownFileType = file.storyboard; name = Base; path = Base.lproj/Main.storyboard; sourceTree = "<group>"; };
		CD9869762020BC1400403E62 /* Assets.xcassets */ = {isa = PBXFileReference; lastKnownFileType = folder.assetcatalog; path = Assets.xcassets; sourceTree = "<group>"; };
		CD9869792020BC1400403E62 /* Base */ = {isa = PBXFileReference; lastKnownFileType = file.storyboard; name = Base; path = Base.lproj/LaunchScreen.storyboard; sourceTree = "<group>"; };
		CD98697B2020BC1400403E62 /* Info.plist */ = {isa = PBXFileReference; lastKnownFileType = text.plist.xml; path = Info.plist; sourceTree = "<group>"; };
		CD9869822020C36000403E62 /* ExploreCollectionViewController.swift */ = {isa = PBXFileReference; lastKnownFileType = sourcecode.swift; path = ExploreCollectionViewController.swift; sourceTree = "<group>"; };
		CD9869842020C38C00403E62 /* ExplorePhotoCollectionViewCell.swift */ = {isa = PBXFileReference; lastKnownFileType = sourcecode.swift; path = ExplorePhotoCollectionViewCell.swift; sourceTree = "<group>"; };
		CD9869872021ED6700403E62 /* example.png */ = {isa = PBXFileReference; lastKnownFileType = image.png; path = example.png; sourceTree = "<group>"; };
		CD98698D2021EF7900403E62 /* FeedTableViewController.swift */ = {isa = PBXFileReference; lastKnownFileType = sourcecode.swift; path = FeedTableViewController.swift; sourceTree = "<group>"; };
		CD9869912021F57700403E62 /* HeaderTableViewCell.swift */ = {isa = PBXFileReference; lastKnownFileType = sourcecode.swift; path = HeaderTableViewCell.swift; sourceTree = "<group>"; };
		CD9869922021F57700403E62 /* HeaderTableViewCell.xib */ = {isa = PBXFileReference; lastKnownFileType = file.xib; path = HeaderTableViewCell.xib; sourceTree = "<group>"; };
		CD9869952022001700403E62 /* PhotoTableViewCell.swift */ = {isa = PBXFileReference; lastKnownFileType = sourcecode.swift; path = PhotoTableViewCell.swift; sourceTree = "<group>"; };
		CD9869972022004200403E62 /* CommentTableViewCell.swift */ = {isa = PBXFileReference; lastKnownFileType = sourcecode.swift; path = CommentTableViewCell.swift; sourceTree = "<group>"; };
/* End PBXFileReference section */

/* Begin PBXFrameworksBuildPhase section */
		CD9869692020BC1300403E62 /* Frameworks */ = {
			isa = PBXFrameworksBuildPhase;
			buildActionMask = 2147483647;
			files = (
			);
			runOnlyForDeploymentPostprocessing = 0;
		};
/* End PBXFrameworksBuildPhase section */

/* Begin PBXGroup section */
		CD9869632020BC1300403E62 = {
			isa = PBXGroup;
			children = (
				CD98696E2020BC1300403E62 /* InstagramFeed */,
				CD98696D2020BC1300403E62 /* Products */,
			);
			sourceTree = "<group>";
		};
		CD98696D2020BC1300403E62 /* Products */ = {
			isa = PBXGroup;
			children = (
				CD98696C2020BC1300403E62 /* InstagramFeed.app */,
			);
			name = Products;
			sourceTree = "<group>";
		};
		CD98696E2020BC1300403E62 /* InstagramFeed */ = {
			isa = PBXGroup;
			children = (
				CD98696F2020BC1300403E62 /* AppDelegate.swift */,
				CD98698C2021EF4D00403E62 /* Explore */,
				CD98698B2021EF4500403E62 /* Feed */,
				CD9869862021ED6700403E62 /* Images */,
				CD9869732020BC1400403E62 /* Main.storyboard */,
				CD98699D2022085300403E62 /* Supporting Files */,
			);
			path = InstagramFeed;
			sourceTree = "<group>";
		};
		CD9869862021ED6700403E62 /* Images */ = {
			isa = PBXGroup;
			children = (
				CD9869872021ED6700403E62 /* example.png */,
			);
			path = Images;
			sourceTree = "<group>";
		};
		CD98698B2021EF4500403E62 /* Feed */ = {
			isa = PBXGroup;
			children = (
				CD9869992022079C00403E62 /* Feed View */,
				CD98699C202207EB00403E62 /* Feed Controller */,
			);
			path = Feed;
			sourceTree = "<group>";
		};
		CD98698C2021EF4D00403E62 /* Explore */ = {
			isa = PBXGroup;
			children = (
				CD98699A202207A700403E62 /* Explore View */,
				CD98699B202207DC00403E62 /* Explore Controller */,
			);
			path = Explore;
			sourceTree = "<group>";
		};
		CD9869992022079C00403E62 /* Feed View */ = {
			isa = PBXGroup;
			children = (
				CD9869972022004200403E62 /* CommentTableViewCell.swift */,
				CD9869912021F57700403E62 /* HeaderTableViewCell.swift */,
				CD9869922021F57700403E62 /* HeaderTableViewCell.xib */,
				CD9869952022001700403E62 /* PhotoTableViewCell.swift */,
			);
			path = "Feed View";
			sourceTree = "<group>";
		};
		CD98699A202207A700403E62 /* Explore View */ = {
			isa = PBXGroup;
			children = (
				CD9869842020C38C00403E62 /* ExplorePhotoCollectionViewCell.swift */,
			);
			path = "Explore View";
			sourceTree = "<group>";
		};
		CD98699B202207DC00403E62 /* Explore Controller */ = {
			isa = PBXGroup;
			children = (
				CD9869822020C36000403E62 /* ExploreCollectionViewController.swift */,
			);
			path = "Explore Controller";
			sourceTree = "<group>";
		};
		CD98699C202207EB00403E62 /* Feed Controller */ = {
			isa = PBXGroup;
			children = (
				CD98698D2021EF7900403E62 /* FeedTableViewController.swift */,
			);
			path = "Feed Controller";
			sourceTree = "<group>";
		};
		CD98699D2022085300403E62 /* Supporting Files */ = {
			isa = PBXGroup;
			children = (
				CD9869762020BC1400403E62 /* Assets.xcassets */,
				CD9869782020BC1400403E62 /* LaunchScreen.storyboard */,
				CD98697B2020BC1400403E62 /* Info.plist */,
			);
			path = "Supporting Files";
			sourceTree = "<group>";
		};
/* End PBXGroup section */

/* Begin PBXNativeTarget section */
		CD98696B2020BC1300403E62 /* InstagramFeed */ = {
			isa = PBXNativeTarget;
			buildConfigurationList = CD98697E2020BC1400403E62 /* Build configuration list for PBXNativeTarget "InstagramFeed" */;
			buildPhases = (
				CD9869682020BC1300403E62 /* Sources */,
				CD9869692020BC1300403E62 /* Frameworks */,
				CD98696A2020BC1300403E62 /* Resources */,
			);
			buildRules = (
			);
			dependencies = (
			);
			name = InstagramFeed;
			productName = InstagramFeed;
			productReference = CD98696C2020BC1300403E62 /* InstagramFeed.app */;
			productType = "com.apple.product-type.application";
		};
/* End PBXNativeTarget section */

/* Begin PBXProject section */
		CD9869642020BC1300403E62 /* Project object */ = {
			isa = PBXProject;
			attributes = {
				LastSwiftUpdateCheck = 0920;
				LastUpgradeCheck = 0920;
				ORGANIZATIONNAME = Mariya;
				TargetAttributes = {
					CD98696B2020BC1300403E62 = {
						CreatedOnToolsVersion = 9.2;
						ProvisioningStyle = Automatic;
					};
				};
			};
			buildConfigurationList = CD9869672020BC1300403E62 /* Build configuration list for PBXProject "InstagramFeed" */;
			compatibilityVersion = "Xcode 8.0";
			developmentRegion = en;
			hasScannedForEncodings = 0;
			knownRegions = (
				en,
				Base,
			);
			mainGroup = CD9869632020BC1300403E62;
			productRefGroup = CD98696D2020BC1300403E62 /* Products */;
			projectDirPath = "";
			projectRoot = "";
			targets = (
				CD98696B2020BC1300403E62 /* InstagramFeed */,
			);
		};
/* End PBXProject section */

/* Begin PBXResourcesBuildPhase section */
		CD98696A2020BC1300403E62 /* Resources */ = {
			isa = PBXResourcesBuildPhase;
			buildActionMask = 2147483647;
			files = (
				CD98697A2020BC1400403E62 /* LaunchScreen.storyboard in Resources */,
				CD9869772020BC1400403E62 /* Assets.xcassets in Resources */,
				CD9869882021ED6800403E62 /* example.png in Resources */,
				CD9869942021F57700403E62 /* HeaderTableViewCell.xib in Resources */,
				CD9869752020BC1400403E62 /* Main.storyboard in Resources */,
			);
			runOnlyForDeploymentPostprocessing = 0;
		};
/* End PBXResourcesBuildPhase section */

/* Begin PBXSourcesBuildPhase section */
		CD9869682020BC1300403E62 /* Sources */ = {
			isa = PBXSourcesBuildPhase;
			buildActionMask = 2147483647;
			files = (
				CD9869702020BC1300403E62 /* AppDelegate.swift in Sources */,
				CD9869932021F57700403E62 /* HeaderTableViewCell.swift in Sources */,
				CD9869962022001700403E62 /* PhotoTableViewCell.swift in Sources */,
				CD9869832020C36000403E62 /* ExploreCollectionViewController.swift in Sources */,
				CD9869982022004200403E62 /* CommentTableViewCell.swift in Sources */,
				CD9869852020C38C00403E62 /* ExplorePhotoCollectionViewCell.swift in Sources */,
				CD98698E2021EF7900403E62 /* FeedTableViewController.swift in Sources */,
			);
			runOnlyForDeploymentPostprocessing = 0;
		};
/* End PBXSourcesBuildPhase section */

/* Begin PBXVariantGroup section */
		CD9869732020BC1400403E62 /* Main.storyboard */ = {
			isa = PBXVariantGroup;
			children = (
				CD9869742020BC1400403E62 /* Base */,
			);
			name = Main.storyboard;
			sourceTree = "<group>";
		};
		CD9869782020BC1400403E62 /* LaunchScreen.storyboard */ = {
			isa = PBXVariantGroup;
			children = (
				CD9869792020BC1400403E62 /* Base */,
			);
			name = LaunchScreen.storyboard;
			sourceTree = "<group>";
		};
/* End PBXVariantGroup section */

/* Begin XCBuildConfiguration section */
		CD98697C2020BC1400403E62 /* Debug */ = {
			isa = XCBuildConfiguration;
			buildSettings = {
				ALWAYS_SEARCH_USER_PATHS = NO;
				CLANG_ANALYZER_NONNULL = YES;
				CLANG_ANALYZER_NUMBER_OBJECT_CONVERSION = YES_AGGRESSIVE;
				CLANG_CXX_LANGUAGE_STANDARD = "gnu++14";
				CLANG_CXX_LIBRARY = "libc++";
				CLANG_ENABLE_MODULES = YES;
				CLANG_ENABLE_OBJC_ARC = YES;
				CLANG_WARN_BLOCK_CAPTURE_AUTORELEASING = YES;
				CLANG_WARN_BOOL_CONVERSION = YES;
				CLANG_WARN_COMMA = YES;
				CLANG_WARN_CONSTANT_CONVERSION = YES;
				CLANG_WARN_DIRECT_OBJC_ISA_USAGE = YES_ERROR;
				CLANG_WARN_DOCUMENTATION_COMMENTS = YES;
				CLANG_WARN_EMPTY_BODY = YES;
				CLANG_WARN_ENUM_CONVERSION = YES;
				CLANG_WARN_INFINITE_RECURSION = YES;
				CLANG_WARN_INT_CONVERSION = YES;
				CLANG_WARN_NON_LITERAL_NULL_CONVERSION = YES;
				CLANG_WARN_OBJC_LITERAL_CONVERSION = YES;
				CLANG_WARN_OBJC_ROOT_CLASS = YES_ERROR;
				CLANG_WARN_RANGE_LOOP_ANALYSIS = YES;
				CLANG_WARN_STRICT_PROTOTYPES = YES;
				CLANG_WARN_SUSPICIOUS_MOVE = YES;
				CLANG_WARN_UNGUARDED_AVAILABILITY = YES_AGGRESSIVE;
				CLANG_WARN_UNREACHABLE_CODE = YES;
				CLANG_WARN__DUPLICATE_METHOD_MATCH = YES;
				CODE_SIGN_IDENTITY = "iPhone Developer";
				COPY_PHASE_STRIP = NO;
				DEBUG_INFORMATION_FORMAT = dwarf;
				ENABLE_STRICT_OBJC_MSGSEND = YES;
				ENABLE_TESTABILITY = YES;
				GCC_C_LANGUAGE_STANDARD = gnu11;
				GCC_DYNAMIC_NO_PIC = NO;
				GCC_NO_COMMON_BLOCKS = YES;
				GCC_OPTIMIZATION_LEVEL = 0;
				GCC_PREPROCESSOR_DEFINITIONS = (
					"DEBUG=1",
					"$(inherited)",
				);
				GCC_WARN_64_TO_32_BIT_CONVERSION = YES;
				GCC_WARN_ABOUT_RETURN_TYPE = YES_ERROR;
				GCC_WARN_UNDECLARED_SELECTOR = YES;
				GCC_WARN_UNINITIALIZED_AUTOS = YES_AGGRESSIVE;
				GCC_WARN_UNUSED_FUNCTION = YES;
				GCC_WARN_UNUSED_VARIABLE = YES;
				IPHONEOS_DEPLOYMENT_TARGET = 11.2;
				MTL_ENABLE_DEBUG_INFO = YES;
				ONLY_ACTIVE_ARCH = YES;
				SDKROOT = iphoneos;
				SWIFT_ACTIVE_COMPILATION_CONDITIONS = DEBUG;
				SWIFT_OPTIMIZATION_LEVEL = "-Onone";
			};
			name = Debug;
		};
		CD98697D2020BC1400403E62 /* Release */ = {
			isa = XCBuildConfiguration;
			buildSettings = {
				ALWAYS_SEARCH_USER_PATHS = NO;
				CLANG_ANALYZER_NONNULL = YES;
				CLANG_ANALYZER_NUMBER_OBJECT_CONVERSION = YES_AGGRESSIVE;
				CLANG_CXX_LANGUAGE_STANDARD = "gnu++14";
				CLANG_CXX_LIBRARY = "libc++";
				CLANG_ENABLE_MODULES = YES;
				CLANG_ENABLE_OBJC_ARC = YES;
				CLANG_WARN_BLOCK_CAPTURE_AUTORELEASING = YES;
				CLANG_WARN_BOOL_CONVERSION = YES;
				CLANG_WARN_COMMA = YES;
				CLANG_WARN_CONSTANT_CONVERSION = YES;
				CLANG_WARN_DIRECT_OBJC_ISA_USAGE = YES_ERROR;
				CLANG_WARN_DOCUMENTATION_COMMENTS = YES;
				CLANG_WARN_EMPTY_BODY = YES;
				CLANG_WARN_ENUM_CONVERSION = YES;
				CLANG_WARN_INFINITE_RECURSION = YES;
				CLANG_WARN_INT_CONVERSION = YES;
				CLANG_WARN_NON_LITERAL_NULL_CONVERSION = YES;
				CLANG_WARN_OBJC_LITERAL_CONVERSION = YES;
				CLANG_WARN_OBJC_ROOT_CLASS = YES_ERROR;
				CLANG_WARN_RANGE_LOOP_ANALYSIS = YES;
				CLANG_WARN_STRICT_PROTOTYPES = YES;
				CLANG_WARN_SUSPICIOUS_MOVE = YES;
				CLANG_WARN_UNGUARDED_AVAILABILITY = YES_AGGRESSIVE;
				CLANG_WARN_UNREACHABLE_CODE = YES;
				CLANG_WARN__DUPLICATE_METHOD_MATCH = YES;
				CODE_SIGN_IDENTITY = "iPhone Developer";
				COPY_PHASE_STRIP = NO;
				DEBUG_INFORMATION_FORMAT = "dwarf-with-dsym";
				ENABLE_NS_ASSERTIONS = NO;
				ENABLE_STRICT_OBJC_MSGSEND = YES;
				GCC_C_LANGUAGE_STANDARD = gnu11;
				GCC_NO_COMMON_BLOCKS = YES;
				GCC_WARN_64_TO_32_BIT_CONVERSION = YES;
				GCC_WARN_ABOUT_RETURN_TYPE = YES_ERROR;
				GCC_WARN_UNDECLARED_SELECTOR = YES;
				GCC_WARN_UNINITIALIZED_AUTOS = YES_AGGRESSIVE;
				GCC_WARN_UNUSED_FUNCTION = YES;
				GCC_WARN_UNUSED_VARIABLE = YES;
				IPHONEOS_DEPLOYMENT_TARGET = 11.2;
				MTL_ENABLE_DEBUG_INFO = NO;
				SDKROOT = iphoneos;
				SWIFT_OPTIMIZATION_LEVEL = "-Owholemodule";
				VALIDATE_PRODUCT = YES;
			};
			name = Release;
		};
		CD98697F2020BC1400403E62 /* Debug */ = {
			isa = XCBuildConfiguration;
			buildSettings = {
				ASSETCATALOG_COMPILER_APPICON_NAME = AppIcon;
				CODE_SIGN_STYLE = Automatic;
				DEVELOPMENT_TEAM = 77PLT8T8S2;
				INFOPLIST_FILE = InstagramFeed/Info.plist;
				LD_RUNPATH_SEARCH_PATHS = "$(inherited) @executable_path/Frameworks";
				PRODUCT_BUNDLE_IDENTIFIER = m.InstagramFeed;
				PRODUCT_NAME = "$(TARGET_NAME)";
				SWIFT_VERSION = 4.0;
				TARGETED_DEVICE_FAMILY = 1;
			};
			name = Debug;
		};
		CD9869802020BC1400403E62 /* Release */ = {
			isa = XCBuildConfiguration;
			buildSettings = {
				ASSETCATALOG_COMPILER_APPICON_NAME = AppIcon;
				CODE_SIGN_STYLE = Automatic;
				DEVELOPMENT_TEAM = 77PLT8T8S2;
				INFOPLIST_FILE = InstagramFeed/Info.plist;
				LD_RUNPATH_SEARCH_PATHS = "$(inherited) @executable_path/Frameworks";
				PRODUCT_BUNDLE_IDENTIFIER = m.InstagramFeed;
				PRODUCT_NAME = "$(TARGET_NAME)";
				SWIFT_VERSION = 4.0;
				TARGETED_DEVICE_FAMILY = 1;
			};
			name = Release;
		};
/* End XCBuildConfiguration section */

/* Begin XCConfigurationList section */
		CD9869672020BC1300403E62 /* Build configuration list for PBXProject "InstagramFeed" */ = {
			isa = XCConfigurationList;
			buildConfigurations = (
				CD98697C2020BC1400403E62 /* Debug */,
				CD98697D2020BC1400403E62 /* Release */,
			);
			defaultConfigurationIsVisible = 0;
			defaultConfigurationName = Release;
		};
		CD98697E2020BC1400403E62 /* Build configuration list for PBXNativeTarget "InstagramFeed" */ = {
			isa = XCConfigurationList;
			buildConfigurations = (
				CD98697F2020BC1400403E62 /* Debug */,
				CD9869802020BC1400403E62 /* Release */,
			);
			defaultConfigurationIsVisible = 0;
			defaultConfigurationName = Release;
		};
/* End XCConfigurationList section */
	};
	rootObject = CD9869642020BC1300403E62 /* Project object */;
}
